
Microsoft Visual Studio Solution File, Format Version 11.00
# Visual Studio 2010
Project("{FAE04EC0-301F-11D3-BF4B-00C04F79EFBC}") = "DotnetMvcBoilerplate", "DotnetMvcBoilerplate\DotnetMvcBoilerplate.csproj", "{ECBDE82D-177D-452A-A405-F1CB94153373}"
EndProject
Global
	GlobalSection(SolutionConfigurationPlatforms) = preSolution
		Debug|Any CPU = Debug|Any CPU
		Release|Any CPU = Release|Any CPU
	EndGlobalSection
	GlobalSection(ProjectConfigurationPlatforms) = postSolution
		{ECBDE82D-177D-452A-A405-F1CB94153373}.Debug|Any CPU.ActiveCfg = Debug|Any CPU
		{ECBDE82D-177D-452A-A405-F1CB94153373}.Debug|Any CPU.Build.0 = Debug|Any CPU
		{ECBDE82D-177D-452A-A405-F1CB94153373}.Release|Any CPU.ActiveCfg = Release|Any CPU
		{ECBDE82D-177D-452A-A405-F1CB94153373}.Release|Any CPU.Build.0 = Release|Any CPU
	EndGlobalSection
	GlobalSection(SolutionProperties) = preSolution
		HideSolutionNode = FALSE
	EndGlobalSection
EndGlobal
